
Microsoft Visual Studio Solution File, Format Version 12.00
# Visual Studio Version 17
VisualStudioVersion = 17.6.33815.320
MinimumVisualStudioVersion = 10.0.40219.1
Project("{9A19103F-16F7-4668-BE54-9A1E7A4F7556}") = "HotKeys", "HotKeys.csproj", "{07D628E7-599D-4A84-9054-28DEBE83BE38}"
EndProject
Global
	GlobalSection(SolutionConfigurationPlatforms) = preSolution
		Debug|Any CPU = Debug|Any CPU
		Release|Any CPU = Release|Any CPU
	EndGlobalSection
	GlobalSection(ProjectConfigurationPlatforms) = postSolution
		{07D628E7-599D-4A84-9054-28DEBE83BE38}.Debug|Any CPU.ActiveCfg = Debug|Any CPU
		{07D628E7-599D-4A84-9054-28DEBE83BE38}.Debug|Any CPU.Build.0 = Debug|Any CPU
		{07D628E7-599D-4A84-9054-28DEBE83BE38}.Release|Any CPU.ActiveCfg = Release|Any CPU
		{07D628E7-599D-4A84-9054-28DEBE83BE38}.Release|Any CPU.Build.0 = Release|Any CPU
	EndGlobalSection
	GlobalSection(SolutionProperties) = preSolution
		HideSolutionNode = FALSE
	EndGlobalSection
	GlobalSection(ExtensibilityGlobals) = postSolution
		SolutionGuid = {811F9F63-9FB9-4B7B-B171-ECF765108646}
	EndGlobalSection
EndGlobal
